
Microsoft Visual Studio Solution File, Format Version 12.00
# Visual Studio Version 17
VisualStudioVersion = 17.5.33627.172
MinimumVisualStudioVersion = 10.0.40219.1
Project("{2150E333-8FDC-42A3-9474-1A3956D46DE8}") = "Services", "Services", "{73117A56-BDD4-4F43-A499-CB05178B2D5F}"
EndProject
Project("{2150E333-8FDC-42A3-9474-1A3956D46DE8}") = "Catalog", "Catalog", "{5A6B5747-AE5B-40EF-92E4-DC5EB6D7E8A2}"
EndProject
Project("{FAE04EC0-301F-11D3-BF4B-00C04F79EFBC}") = "Catalog.API", "Services\Catalog\Catalog.API\Catalog.API.csproj", "{0C3C8120-C1C4-401E-A671-94843B163C0C}"
EndProject
Global
	GlobalSection(SolutionConfigurationPlatforms) = preSolution
		Debug|Any CPU = Debug|Any CPU
		Release|Any CPU = Release|Any CPU
	EndGlobalSection
	GlobalSection(ProjectConfigurationPlatforms) = postSolution
		{0C3C8120-C1C4-401E-A671-94843B163C0C}.Debug|Any CPU.ActiveCfg = Debug|Any CPU
		{0C3C8120-C1C4-401E-A671-94843B163C0C}.Debug|Any CPU.Build.0 = Debug|Any CPU
		{0C3C8120-C1C4-401E-A671-94843B163C0C}.Release|Any CPU.ActiveCfg = Release|Any CPU
		{0C3C8120-C1C4-401E-A671-94843B163C0C}.Release|Any CPU.Build.0 = Release|Any CPU
	EndGlobalSection
	GlobalSection(SolutionProperties) = preSolution
		HideSolutionNode = FALSE
	EndGlobalSection
	GlobalSection(NestedProjects) = preSolution
		{5A6B5747-AE5B-40EF-92E4-DC5EB6D7E8A2} = {73117A56-BDD4-4F43-A499-CB05178B2D5F}
		{0C3C8120-C1C4-401E-A671-94843B163C0C} = {5A6B5747-AE5B-40EF-92E4-DC5EB6D7E8A2}
	EndGlobalSection
	GlobalSection(ExtensibilityGlobals) = postSolution
		SolutionGuid = {12E35733-7EC4-4746-916D-7AA63503A719}
	EndGlobalSection
EndGlobal
